
Microsoft Visual Studio Solution File, Format Version 12.00
# Visual Studio Version 17
VisualStudioVersion = 17.1.32210.238
MinimumVisualStudioVersion = 10.0.40219.1
Project("{FAE04EC0-301F-11D3-BF4B-00C04F79EFBC}") = "Client", "Client.csproj", "{74DA801C-122F-4FB9-BBEC-271778507733}"
EndProject
Project("{FAE04EC0-301F-11D3-BF4B-00C04F79EFBC}") = "Server", "..\Server\Server.csproj", "{1F27F7DB-9FB0-49DC-8FF7-F69D61D51B92}"
EndProject
Global
	GlobalSection(SolutionConfigurationPlatforms) = preSolution
		Debug|Any CPU = Debug|Any CPU
		Release|Any CPU = Release|Any CPU
	EndGlobalSection
	GlobalSection(ProjectConfigurationPlatforms) = postSolution
		{74DA801C-122F-4FB9-BBEC-271778507733}.Debug|Any CPU.ActiveCfg = Debug|Any CPU
		{74DA801C-122F-4FB9-BBEC-271778507733}.Debug|Any CPU.Build.0 = Debug|Any CPU
		{74DA801C-122F-4FB9-BBEC-271778507733}.Release|Any CPU.ActiveCfg = Release|Any CPU
		{74DA801C-122F-4FB9-BBEC-271778507733}.Release|Any CPU.Build.0 = Release|Any CPU
		{1F27F7DB-9FB0-49DC-8FF7-F69D61D51B92}.Debug|Any CPU.ActiveCfg = Debug|Any CPU
		{1F27F7DB-9FB0-49DC-8FF7-F69D61D51B92}.Debug|Any CPU.Build.0 = Debug|Any CPU
		{1F27F7DB-9FB0-49DC-8FF7-F69D61D51B92}.Release|Any CPU.ActiveCfg = Release|Any CPU
		{1F27F7DB-9FB0-49DC-8FF7-F69D61D51B92}.Release|Any CPU.Build.0 = Release|Any CPU
	EndGlobalSection
	GlobalSection(SolutionProperties) = preSolution
		HideSolutionNode = FALSE
	EndGlobalSection
	GlobalSection(ExtensibilityGlobals) = postSolution
		SolutionGuid = {FA5DCB1F-95C3-4AA5-9A8E-A937C9CA9FD7}
	EndGlobalSection
EndGlobal
